
Microsoft Visual Studio Solution File, Format Version 12.00
# Visual Studio Version 16
VisualStudioVersion = 16.0.32413.511
MinimumVisualStudioVersion = 10.0.40219.1
Project("{FAE04EC0-301F-11D3-BF4B-00C04F79EFBC}") = "TigersSoccerClub", "TigersSoccerClub\TigersSoccerClub.csproj", "{87EA6FB9-B804-490B-9391-88BC24DEE054}"
EndProject
Global
	GlobalSection(SolutionConfigurationPlatforms) = preSolution
		Debug|Any CPU = Debug|Any CPU
		Release|Any CPU = Release|Any CPU
	EndGlobalSection
	GlobalSection(ProjectConfigurationPlatforms) = postSolution
		{87EA6FB9-B804-490B-9391-88BC24DEE054}.Debug|Any CPU.ActiveCfg = Debug|Any CPU
		{87EA6FB9-B804-490B-9391-88BC24DEE054}.Debug|Any CPU.Build.0 = Debug|Any CPU
		{87EA6FB9-B804-490B-9391-88BC24DEE054}.Release|Any CPU.ActiveCfg = Release|Any CPU
		{87EA6FB9-B804-490B-9391-88BC24DEE054}.Release|Any CPU.Build.0 = Release|Any CPU
	EndGlobalSection
	GlobalSection(SolutionProperties) = preSolution
		HideSolutionNode = FALSE
	EndGlobalSection
	GlobalSection(ExtensibilityGlobals) = postSolution
		SolutionGuid = {50F13CB4-437F-4830-9D86-72537BE8588A}
	EndGlobalSection
EndGlobal
